
Microsoft Visual Studio Solution File, Format Version 12.00
# Visual Studio 15
VisualStudioVersion = 15.0.28010.2050
MinimumVisualStudioVersion = 10.0.40219.1
Project("{FAE04EC0-301F-11D3-BF4B-00C04F79EFBC}") = "HalloSingelton", "HalloSingelton\HalloSingelton.csproj", "{283B6363-9BA6-420C-ACB5-3E647DC3BF1B}"
EndProject
Global
	GlobalSection(SolutionConfigurationPlatforms) = preSolution
		Debug|Any CPU = Debug|Any CPU
		Release|Any CPU = Release|Any CPU
	EndGlobalSection
	GlobalSection(ProjectConfigurationPlatforms) = postSolution
		{283B6363-9BA6-420C-ACB5-3E647DC3BF1B}.Debug|Any CPU.ActiveCfg = Debug|Any CPU
		{283B6363-9BA6-420C-ACB5-3E647DC3BF1B}.Debug|Any CPU.Build.0 = Debug|Any CPU
		{283B6363-9BA6-420C-ACB5-3E647DC3BF1B}.Release|Any CPU.ActiveCfg = Release|Any CPU
		{283B6363-9BA6-420C-ACB5-3E647DC3BF1B}.Release|Any CPU.Build.0 = Release|Any CPU
	EndGlobalSection
	GlobalSection(SolutionProperties) = preSolution
		HideSolutionNode = FALSE
	EndGlobalSection
	GlobalSection(ExtensibilityGlobals) = postSolution
		SolutionGuid = {F26A398E-00EC-41AD-B21A-D264C338BB99}
	EndGlobalSection
EndGlobal
