
Microsoft Visual Studio Solution File, Format Version 12.00
# Visual Studio 15
VisualStudioVersion = 15.0.28010.2050
MinimumVisualStudioVersion = 10.0.40219.1
Project("{FAE04EC0-301F-11D3-BF4B-00C04F79EFBC}") = "Calculator", "Calculator\Calculator.csproj", "{4CEB6047-3B82-47A6-AAF3-DD910EFB246D}"
EndProject
Project("{FAE04EC0-301F-11D3-BF4B-00C04F79EFBC}") = "Calculator.Tests", "Calculator.Tests\Calculator.Tests.csproj", "{C0499E58-B1C9-4455-B613-F6575B02E503}"
EndProject
Global
	GlobalSection(SolutionConfigurationPlatforms) = preSolution
		Debug|Any CPU = Debug|Any CPU
		Release|Any CPU = Release|Any CPU
	EndGlobalSection
	GlobalSection(ProjectConfigurationPlatforms) = postSolution
		{4CEB6047-3B82-47A6-AAF3-DD910EFB246D}.Debug|Any CPU.ActiveCfg = Debug|Any CPU
		{4CEB6047-3B82-47A6-AAF3-DD910EFB246D}.Debug|Any CPU.Build.0 = Debug|Any CPU
		{4CEB6047-3B82-47A6-AAF3-DD910EFB246D}.Release|Any CPU.ActiveCfg = Release|Any CPU
		{4CEB6047-3B82-47A6-AAF3-DD910EFB246D}.Release|Any CPU.Build.0 = Release|Any CPU
		{C0499E58-B1C9-4455-B613-F6575B02E503}.Debug|Any CPU.ActiveCfg = Debug|Any CPU
		{C0499E58-B1C9-4455-B613-F6575B02E503}.Debug|Any CPU.Build.0 = Debug|Any CPU
		{C0499E58-B1C9-4455-B613-F6575B02E503}.Release|Any CPU.ActiveCfg = Release|Any CPU
		{C0499E58-B1C9-4455-B613-F6575B02E503}.Release|Any CPU.Build.0 = Release|Any CPU
	EndGlobalSection
	GlobalSection(SolutionProperties) = preSolution
		HideSolutionNode = FALSE
	EndGlobalSection
	GlobalSection(ExtensibilityGlobals) = postSolution
		SolutionGuid = {655CDA6C-6E8C-4B58-9CF9-2A991003F796}
	EndGlobalSection
EndGlobal
