
Microsoft Visual Studio Solution File, Format Version 12.00
# Visual Studio 15
VisualStudioVersion = 15.0.28010.2050
MinimumVisualStudioVersion = 10.0.40219.1
Project("{9A19103F-16F7-4668-BE54-9A1E7A4F7556}") = "ppedv.Zeus.Model", "ppedv.Zeus.Model\ppedv.Zeus.Model.csproj", "{5C44155D-C064-43D1-95BC-EDAD7C0C0645}"
EndProject
Project("{FAE04EC0-301F-11D3-BF4B-00C04F79EFBC}") = "ppedv.Zeus.Data.EF", "ppedv.Zeus.Data.EF\ppedv.Zeus.Data.EF.csproj", "{F039BF3C-9C62-4AC0-801E-A9F2FBC95F56}"
EndProject
Project("{FAE04EC0-301F-11D3-BF4B-00C04F79EFBC}") = "ppedv.Zeus.Data.EF.Tests", "ppedv.Zeus.Data.EF.Tests\ppedv.Zeus.Data.EF.Tests.csproj", "{D9DCE987-B3E1-41BE-8234-E6BEB5DEE1BF}"
EndProject
Project("{9A19103F-16F7-4668-BE54-9A1E7A4F7556}") = "ppedv.Zeus.Logic", "ppedv.Zeus.Logic\ppedv.Zeus.Logic.csproj", "{F87AF403-BC7F-4782-BAD9-C8F640AF9546}"
EndProject
Project("{FAE04EC0-301F-11D3-BF4B-00C04F79EFBC}") = "ppedv.Zeus.UI.RootConsole", "ppedv.Zeus.UI.RootConsole\ppedv.Zeus.UI.RootConsole.csproj", "{CC7C231F-94D3-48BD-B661-AE0A5D38D14D}"
EndProject
Project("{FAE04EC0-301F-11D3-BF4B-00C04F79EFBC}") = "ppedv.Zeus.UI.Web", "ppedv.Zeus.UI.Web\ppedv.Zeus.UI.Web.csproj", "{29324F35-4FF5-4071-9627-254EE1265049}"
EndProject
Project("{FAE04EC0-301F-11D3-BF4B-00C04F79EFBC}") = "ppedv.Zeus.Logic.Tests", "ppedv.Zeus.Logic.Tests\ppedv.Zeus.Logic.Tests.csproj", "{5E351525-7FA5-4BED-8859-70D24E68B5AB}"
EndProject
Project("{2150E333-8FDC-42A3-9474-1A3956D46DE8}") = "Devices", "Devices", "{2E8E64BF-21F6-4E57-B276-C086BC187EF0}"
EndProject
Project("{FAE04EC0-301F-11D3-BF4B-00C04F79EFBC}") = "Anet.A8", "Anet.A8\Anet.A8.csproj", "{908727BB-4DC2-4B87-874D-063C5EEDAD6D}"
EndProject
Project("{FAE04EC0-301F-11D3-BF4B-00C04F79EFBC}") = "ppedv.Zeus.Data.AnetA8", "ppedv.Zeus.Data.AnetA8\ppedv.Zeus.Data.AnetA8.csproj", "{AFC0BD94-1511-4EF9-8AAB-0430A2C2500D}"
EndProject
Project("{FAE04EC0-301F-11D3-BF4B-00C04F79EFBC}") = "ppedv.Zeus.Service", "ppedv.Zeus.Service\ppedv.Zeus.Service.csproj", "{EB7011A2-7E65-4C51-BEAB-56586CD7B41E}"
EndProject
Project("{FAE04EC0-301F-11D3-BF4B-00C04F79EFBC}") = "ppedv.Zeus.Service.Model", "ppedv.Zeus.Service.Model\ppedv.Zeus.Service.Model.csproj", "{21898264-F3F4-486D-A856-FFA8D1289112}"
EndProject
Project("{FAE04EC0-301F-11D3-BF4B-00C04F79EFBC}") = "ppedv.Zeus.Service.Host", "ppedv.Zeus.Service.Host\ppedv.Zeus.Service.Host.csproj", "{E5C276DD-D951-4FF5-A132-B05E6991C4F0}"
EndProject
Project("{FAE04EC0-301F-11D3-BF4B-00C04F79EFBC}") = "ppedv.Zeus.Service.Client", "ppedv.Zeus.Service.Client\ppedv.Zeus.Service.Client.csproj", "{519BC10A-F02D-4007-A1EF-D169FDB3D783}"
EndProject
Global
	GlobalSection(SolutionConfigurationPlatforms) = preSolution
		Debug|Any CPU = Debug|Any CPU
		Release|Any CPU = Release|Any CPU
	EndGlobalSection
	GlobalSection(ProjectConfigurationPlatforms) = postSolution
		{5C44155D-C064-43D1-95BC-EDAD7C0C0645}.Debug|Any CPU.ActiveCfg = Debug|Any CPU
		{5C44155D-C064-43D1-95BC-EDAD7C0C0645}.Debug|Any CPU.Build.0 = Debug|Any CPU
		{5C44155D-C064-43D1-95BC-EDAD7C0C0645}.Release|Any CPU.ActiveCfg = Release|Any CPU
		{5C44155D-C064-43D1-95BC-EDAD7C0C0645}.Release|Any CPU.Build.0 = Release|Any CPU
		{F039BF3C-9C62-4AC0-801E-A9F2FBC95F56}.Debug|Any CPU.ActiveCfg = Debug|Any CPU
		{F039BF3C-9C62-4AC0-801E-A9F2FBC95F56}.Debug|Any CPU.Build.0 = Debug|Any CPU
		{F039BF3C-9C62-4AC0-801E-A9F2FBC95F56}.Release|Any CPU.ActiveCfg = Release|Any CPU
		{F039BF3C-9C62-4AC0-801E-A9F2FBC95F56}.Release|Any CPU.Build.0 = Release|Any CPU
		{D9DCE987-B3E1-41BE-8234-E6BEB5DEE1BF}.Debug|Any CPU.ActiveCfg = Debug|Any CPU
		{D9DCE987-B3E1-41BE-8234-E6BEB5DEE1BF}.Debug|Any CPU.Build.0 = Debug|Any CPU
		{D9DCE987-B3E1-41BE-8234-E6BEB5DEE1BF}.Release|Any CPU.ActiveCfg = Release|Any CPU
		{D9DCE987-B3E1-41BE-8234-E6BEB5DEE1BF}.Release|Any CPU.Build.0 = Release|Any CPU
		{F87AF403-BC7F-4782-BAD9-C8F640AF9546}.Debug|Any CPU.ActiveCfg = Debug|Any CPU
		{F87AF403-BC7F-4782-BAD9-C8F640AF9546}.Debug|Any CPU.Build.0 = Debug|Any CPU
		{F87AF403-BC7F-4782-BAD9-C8F640AF9546}.Release|Any CPU.ActiveCfg = Release|Any CPU
		{F87AF403-BC7F-4782-BAD9-C8F640AF9546}.Release|Any CPU.Build.0 = Release|Any CPU
		{CC7C231F-94D3-48BD-B661-AE0A5D38D14D}.Debug|Any CPU.ActiveCfg = Debug|Any CPU
		{CC7C231F-94D3-48BD-B661-AE0A5D38D14D}.Debug|Any CPU.Build.0 = Debug|Any CPU
		{CC7C231F-94D3-48BD-B661-AE0A5D38D14D}.Release|Any CPU.ActiveCfg = Release|Any CPU
		{CC7C231F-94D3-48BD-B661-AE0A5D38D14D}.Release|Any CPU.Build.0 = Release|Any CPU
		{29324F35-4FF5-4071-9627-254EE1265049}.Debug|Any CPU.ActiveCfg = Debug|Any CPU
		{29324F35-4FF5-4071-9627-254EE1265049}.Debug|Any CPU.Build.0 = Debug|Any CPU
		{29324F35-4FF5-4071-9627-254EE1265049}.Release|Any CPU.ActiveCfg = Release|Any CPU
		{29324F35-4FF5-4071-9627-254EE1265049}.Release|Any CPU.Build.0 = Release|Any CPU
		{5E351525-7FA5-4BED-8859-70D24E68B5AB}.Debug|Any CPU.ActiveCfg = Debug|Any CPU
		{5E351525-7FA5-4BED-8859-70D24E68B5AB}.Debug|Any CPU.Build.0 = Debug|Any CPU
		{5E351525-7FA5-4BED-8859-70D24E68B5AB}.Release|Any CPU.ActiveCfg = Release|Any CPU
		{5E351525-7FA5-4BED-8859-70D24E68B5AB}.Release|Any CPU.Build.0 = Release|Any CPU
		{908727BB-4DC2-4B87-874D-063C5EEDAD6D}.Debug|Any CPU.ActiveCfg = Debug|Any CPU
		{908727BB-4DC2-4B87-874D-063C5EEDAD6D}.Debug|Any CPU.Build.0 = Debug|Any CPU
		{908727BB-4DC2-4B87-874D-063C5EEDAD6D}.Release|Any CPU.ActiveCfg = Release|Any CPU
		{908727BB-4DC2-4B87-874D-063C5EEDAD6D}.Release|Any CPU.Build.0 = Release|Any CPU
		{AFC0BD94-1511-4EF9-8AAB-0430A2C2500D}.Debug|Any CPU.ActiveCfg = Debug|Any CPU
		{AFC0BD94-1511-4EF9-8AAB-0430A2C2500D}.Debug|Any CPU.Build.0 = Debug|Any CPU
		{AFC0BD94-1511-4EF9-8AAB-0430A2C2500D}.Release|Any CPU.ActiveCfg = Release|Any CPU
		{AFC0BD94-1511-4EF9-8AAB-0430A2C2500D}.Release|Any CPU.Build.0 = Release|Any CPU
		{EB7011A2-7E65-4C51-BEAB-56586CD7B41E}.Debug|Any CPU.ActiveCfg = Debug|Any CPU
		{EB7011A2-7E65-4C51-BEAB-56586CD7B41E}.Debug|Any CPU.Build.0 = Debug|Any CPU
		{EB7011A2-7E65-4C51-BEAB-56586CD7B41E}.Release|Any CPU.ActiveCfg = Release|Any CPU
		{EB7011A2-7E65-4C51-BEAB-56586CD7B41E}.Release|Any CPU.Build.0 = Release|Any CPU
		{21898264-F3F4-486D-A856-FFA8D1289112}.Debug|Any CPU.ActiveCfg = Debug|Any CPU
		{21898264-F3F4-486D-A856-FFA8D1289112}.Debug|Any CPU.Build.0 = Debug|Any CPU
		{21898264-F3F4-486D-A856-FFA8D1289112}.Release|Any CPU.ActiveCfg = Release|Any CPU
		{21898264-F3F4-486D-A856-FFA8D1289112}.Release|Any CPU.Build.0 = Release|Any CPU
		{E5C276DD-D951-4FF5-A132-B05E6991C4F0}.Debug|Any CPU.ActiveCfg = Debug|Any CPU
		{E5C276DD-D951-4FF5-A132-B05E6991C4F0}.Debug|Any CPU.Build.0 = Debug|Any CPU
		{E5C276DD-D951-4FF5-A132-B05E6991C4F0}.Release|Any CPU.ActiveCfg = Release|Any CPU
		{E5C276DD-D951-4FF5-A132-B05E6991C4F0}.Release|Any CPU.Build.0 = Release|Any CPU
		{519BC10A-F02D-4007-A1EF-D169FDB3D783}.Debug|Any CPU.ActiveCfg = Debug|Any CPU
		{519BC10A-F02D-4007-A1EF-D169FDB3D783}.Debug|Any CPU.Build.0 = Debug|Any CPU
		{519BC10A-F02D-4007-A1EF-D169FDB3D783}.Release|Any CPU.ActiveCfg = Release|Any CPU
		{519BC10A-F02D-4007-A1EF-D169FDB3D783}.Release|Any CPU.Build.0 = Release|Any CPU
	EndGlobalSection
	GlobalSection(SolutionProperties) = preSolution
		HideSolutionNode = FALSE
	EndGlobalSection
	GlobalSection(NestedProjects) = preSolution
		{908727BB-4DC2-4B87-874D-063C5EEDAD6D} = {2E8E64BF-21F6-4E57-B276-C086BC187EF0}
	EndGlobalSection
	GlobalSection(ExtensibilityGlobals) = postSolution
		SolutionGuid = {514CF5AC-5651-40F2-B67E-52F7C7239AA3}
	EndGlobalSection
EndGlobal
